
Microsoft Visual Studio Solution File, Format Version 12.00
# Visual Studio Version 17
VisualStudioVersion = 17.2.32630.192
MinimumVisualStudioVersion = 10.0.40219.1
Project("{FAE04EC0-301F-11D3-BF4B-00C04F79EFBC}") = "TCPServer01", "TCPServer01\TCPServer01.csproj", "{536D0A6B-A544-49D8-A364-33431AE602E3}"
EndProject
Global
	GlobalSection(SolutionConfigurationPlatforms) = preSolution
		Debug|Any CPU = Debug|Any CPU
		Release|Any CPU = Release|Any CPU
	EndGlobalSection
	GlobalSection(ProjectConfigurationPlatforms) = postSolution
		{536D0A6B-A544-49D8-A364-33431AE602E3}.Debug|Any CPU.ActiveCfg = Debug|Any CPU
		{536D0A6B-A544-49D8-A364-33431AE602E3}.Debug|Any CPU.Build.0 = Debug|Any CPU
		{536D0A6B-A544-49D8-A364-33431AE602E3}.Release|Any CPU.ActiveCfg = Release|Any CPU
		{536D0A6B-A544-49D8-A364-33431AE602E3}.Release|Any CPU.Build.0 = Release|Any CPU
	EndGlobalSection
	GlobalSection(SolutionProperties) = preSolution
		HideSolutionNode = FALSE
	EndGlobalSection
	GlobalSection(ExtensibilityGlobals) = postSolution
		SolutionGuid = {21FEB1A5-F5BE-4168-9B66-5F8184E45A08}
	EndGlobalSection
EndGlobal
