
Microsoft Visual Studio Solution File, Format Version 12.00
# Visual Studio Version 17
VisualStudioVersion = 17.0.31903.59
MinimumVisualStudioVersion = 10.0.40219.1
Project("{FAE04EC0-301F-11D3-BF4B-00C04F79EFBC}") = "AsyncSocket", "AsyncSocket\AsyncSocket.csproj", "{57DBE268-5CE1-43A3-B1FB-C9035B9D4420}"
EndProject
Project("{FAE04EC0-301F-11D3-BF4B-00C04F79EFBC}") = "ZaaviaSocket", "ZaaviaSocket\ZaaviaSocket.csproj", "{D861A822-6076-47E9-8C65-4EADA36AA356}"
EndProject
Global
	GlobalSection(SolutionConfigurationPlatforms) = preSolution
		Debug|Any CPU = Debug|Any CPU
		Release|Any CPU = Release|Any CPU
	EndGlobalSection
	GlobalSection(ProjectConfigurationPlatforms) = postSolution
		{57DBE268-5CE1-43A3-B1FB-C9035B9D4420}.Debug|Any CPU.ActiveCfg = Debug|Any CPU
		{57DBE268-5CE1-43A3-B1FB-C9035B9D4420}.Debug|Any CPU.Build.0 = Debug|Any CPU
		{57DBE268-5CE1-43A3-B1FB-C9035B9D4420}.Release|Any CPU.ActiveCfg = Release|Any CPU
		{57DBE268-5CE1-43A3-B1FB-C9035B9D4420}.Release|Any CPU.Build.0 = Release|Any CPU
		{D861A822-6076-47E9-8C65-4EADA36AA356}.Debug|Any CPU.ActiveCfg = Debug|Any CPU
		{D861A822-6076-47E9-8C65-4EADA36AA356}.Debug|Any CPU.Build.0 = Debug|Any CPU
		{D861A822-6076-47E9-8C65-4EADA36AA356}.Release|Any CPU.ActiveCfg = Release|Any CPU
		{D861A822-6076-47E9-8C65-4EADA36AA356}.Release|Any CPU.Build.0 = Release|Any CPU
	EndGlobalSection
	GlobalSection(SolutionProperties) = preSolution
		HideSolutionNode = FALSE
	EndGlobalSection
	GlobalSection(ExtensibilityGlobals) = postSolution
		SolutionGuid = {D5E16E7D-B440-4819-A9B0-3E81F0D39DA5}
	EndGlobalSection
EndGlobal
